
Microsoft Visual Studio Solution File, Format Version 12.00
# Visual Studio Version 17
VisualStudioVersion = 17.8.34511.84
MinimumVisualStudioVersion = 10.0.40219.1
Project("{8BC9CEB8-8B4A-11D0-8D11-00A0C91BC942}") = "windows", "windows\windows.vcxproj", "{02433C8C-5916-46A6-AD61-AB64BA2002BD}"
EndProject
Project("{8BC9CEB8-8B4A-11D0-8D11-00A0C91BC942}") = "TCP", "TCP\TCP.vcxproj", "{CE3196B7-FF20-4939-BD56-6A712E3700D3}"
EndProject
Project("{8BC9CEB8-8B4A-11D0-8D11-00A0C91BC942}") = "TCPClient", "TCP_Client\TCP_Client.vcxproj", "{59969C8D-3A04-454E-9F13-18B87ED5E07C}"
EndProject
Project("{8BC9CEB8-8B4A-11D0-8D11-00A0C91BC942}") = "UDP", "UDP\UDP.vcxproj", "{3C8B76D6-F2C1-4B1A-8D3D-C98C983685E3}"
EndProject
Project("{8BC9CEB8-8B4A-11D0-8D11-00A0C91BC942}") = "UDP_Client", "UDP_Client\UDP_Client.vcxproj", "{7C0EF8DF-A47A-48B1-80F2-61943A614E44}"
EndProject
Project("{8BC9CEB8-8B4A-11D0-8D11-00A0C91BC942}") = "Thread", "Thread\Thread.vcxproj", "{B04F9132-6CD4-426E-9115-80C092C97B15}"
EndProject
Project("{8BC9CEB8-8B4A-11D0-8D11-00A0C91BC942}") = "Process", "Process\Process.vcxproj", "{100BFA43-B943-4AA6-B67B-8136EECB8292}"
EndProject
Project("{8BC9CEB8-8B4A-11D0-8D11-00A0C91BC942}") = "Process_ClipBoard", "Process_ClipBoard\Process_ClipBoard.vcxproj", "{C4751876-1CC7-473D-8864-BA809F6D8803}"
EndProject
Project("{8BC9CEB8-8B4A-11D0-8D11-00A0C91BC942}") = "Process_Community", "Process_Community\Process_Community.vcxproj", "{1895A5A1-FFE7-4BD1-AC93-EB5FB12B6E14}"
EndProject
Project("{8BC9CEB8-8B4A-11D0-8D11-00A0C91BC942}") = "Process_Community_Client", "Process_Community_Client\Process_Community_Client.vcxproj", "{1792DEB2-0EB7-4DDE-B564-DA98EADE497C}"
EndProject
Global
	GlobalSection(SolutionConfigurationPlatforms) = preSolution
		Debug|x64 = Debug|x64
		Debug|x86 = Debug|x86
		Release|x64 = Release|x64
		Release|x86 = Release|x86
	EndGlobalSection
	GlobalSection(ProjectConfigurationPlatforms) = postSolution
		{02433C8C-5916-46A6-AD61-AB64BA2002BD}.Debug|x64.ActiveCfg = Debug|x64
		{02433C8C-5916-46A6-AD61-AB64BA2002BD}.Debug|x64.Build.0 = Debug|x64
		{02433C8C-5916-46A6-AD61-AB64BA2002BD}.Debug|x86.ActiveCfg = Debug|Win32
		{02433C8C-5916-46A6-AD61-AB64BA2002BD}.Debug|x86.Build.0 = Debug|Win32
		{02433C8C-5916-46A6-AD61-AB64BA2002BD}.Release|x64.ActiveCfg = Release|x64
		{02433C8C-5916-46A6-AD61-AB64BA2002BD}.Release|x64.Build.0 = Release|x64
		{02433C8C-5916-46A6-AD61-AB64BA2002BD}.Release|x86.ActiveCfg = Release|Win32
		{02433C8C-5916-46A6-AD61-AB64BA2002BD}.Release|x86.Build.0 = Release|Win32
		{CE3196B7-FF20-4939-BD56-6A712E3700D3}.Debug|x64.ActiveCfg = Debug|x64
		{CE3196B7-FF20-4939-BD56-6A712E3700D3}.Debug|x64.Build.0 = Debug|x64
		{CE3196B7-FF20-4939-BD56-6A712E3700D3}.Debug|x86.ActiveCfg = Debug|Win32
		{CE3196B7-FF20-4939-BD56-6A712E3700D3}.Debug|x86.Build.0 = Debug|Win32
		{CE3196B7-FF20-4939-BD56-6A712E3700D3}.Release|x64.ActiveCfg = Release|x64
		{CE3196B7-FF20-4939-BD56-6A712E3700D3}.Release|x64.Build.0 = Release|x64
		{CE3196B7-FF20-4939-BD56-6A712E3700D3}.Release|x86.ActiveCfg = Release|Win32
		{CE3196B7-FF20-4939-BD56-6A712E3700D3}.Release|x86.Build.0 = Release|Win32
		{59969C8D-3A04-454E-9F13-18B87ED5E07C}.Debug|x64.ActiveCfg = Debug|x64
		{59969C8D-3A04-454E-9F13-18B87ED5E07C}.Debug|x64.Build.0 = Debug|x64
		{59969C8D-3A04-454E-9F13-18B87ED5E07C}.Debug|x86.ActiveCfg = Debug|Win32
		{59969C8D-3A04-454E-9F13-18B87ED5E07C}.Debug|x86.Build.0 = Debug|Win32
		{59969C8D-3A04-454E-9F13-18B87ED5E07C}.Release|x64.ActiveCfg = Release|x64
		{59969C8D-3A04-454E-9F13-18B87ED5E07C}.Release|x64.Build.0 = Release|x64
		{59969C8D-3A04-454E-9F13-18B87ED5E07C}.Release|x86.ActiveCfg = Release|Win32
		{59969C8D-3A04-454E-9F13-18B87ED5E07C}.Release|x86.Build.0 = Release|Win32
		{3C8B76D6-F2C1-4B1A-8D3D-C98C983685E3}.Debug|x64.ActiveCfg = Debug|x64
		{3C8B76D6-F2C1-4B1A-8D3D-C98C983685E3}.Debug|x64.Build.0 = Debug|x64
		{3C8B76D6-F2C1-4B1A-8D3D-C98C983685E3}.Debug|x86.ActiveCfg = Debug|Win32
		{3C8B76D6-F2C1-4B1A-8D3D-C98C983685E3}.Debug|x86.Build.0 = Debug|Win32
		{3C8B76D6-F2C1-4B1A-8D3D-C98C983685E3}.Release|x64.ActiveCfg = Release|x64
		{3C8B76D6-F2C1-4B1A-8D3D-C98C983685E3}.Release|x64.Build.0 = Release|x64
		{3C8B76D6-F2C1-4B1A-8D3D-C98C983685E3}.Release|x86.ActiveCfg = Release|Win32
		{3C8B76D6-F2C1-4B1A-8D3D-C98C983685E3}.Release|x86.Build.0 = Release|Win32
		{7C0EF8DF-A47A-48B1-80F2-61943A614E44}.Debug|x64.ActiveCfg = Debug|x64
		{7C0EF8DF-A47A-48B1-80F2-61943A614E44}.Debug|x64.Build.0 = Debug|x64
		{7C0EF8DF-A47A-48B1-80F2-61943A614E44}.Debug|x86.ActiveCfg = Debug|Win32
		{7C0EF8DF-A47A-48B1-80F2-61943A614E44}.Debug|x86.Build.0 = Debug|Win32
		{7C0EF8DF-A47A-48B1-80F2-61943A614E44}.Release|x64.ActiveCfg = Release|x64
		{7C0EF8DF-A47A-48B1-80F2-61943A614E44}.Release|x64.Build.0 = Release|x64
		{7C0EF8DF-A47A-48B1-80F2-61943A614E44}.Release|x86.ActiveCfg = Release|Win32
		{7C0EF8DF-A47A-48B1-80F2-61943A614E44}.Release|x86.Build.0 = Release|Win32
		{B04F9132-6CD4-426E-9115-80C092C97B15}.Debug|x64.ActiveCfg = Debug|x64
		{B04F9132-6CD4-426E-9115-80C092C97B15}.Debug|x64.Build.0 = Debug|x64
		{B04F9132-6CD4-426E-9115-80C092C97B15}.Debug|x86.ActiveCfg = Debug|Win32
		{B04F9132-6CD4-426E-9115-80C092C97B15}.Debug|x86.Build.0 = Debug|Win32
		{B04F9132-6CD4-426E-9115-80C092C97B15}.Release|x64.ActiveCfg = Release|x64
		{B04F9132-6CD4-426E-9115-80C092C97B15}.Release|x64.Build.0 = Release|x64
		{B04F9132-6CD4-426E-9115-80C092C97B15}.Release|x86.ActiveCfg = Release|Win32
		{B04F9132-6CD4-426E-9115-80C092C97B15}.Release|x86.Build.0 = Release|Win32
		{100BFA43-B943-4AA6-B67B-8136EECB8292}.Debug|x64.ActiveCfg = Debug|x64
		{100BFA43-B943-4AA6-B67B-8136EECB8292}.Debug|x64.Build.0 = Debug|x64
		{100BFA43-B943-4AA6-B67B-8136EECB8292}.Debug|x86.ActiveCfg = Debug|Win32
		{100BFA43-B943-4AA6-B67B-8136EECB8292}.Debug|x86.Build.0 = Debug|Win32
		{100BFA43-B943-4AA6-B67B-8136EECB8292}.Release|x64.ActiveCfg = Release|x64
		{100BFA43-B943-4AA6-B67B-8136EECB8292}.Release|x64.Build.0 = Release|x64
		{100BFA43-B943-4AA6-B67B-8136EECB8292}.Release|x86.ActiveCfg = Release|Win32
		{100BFA43-B943-4AA6-B67B-8136EECB8292}.Release|x86.Build.0 = Release|Win32
		{C4751876-1CC7-473D-8864-BA809F6D8803}.Debug|x64.ActiveCfg = Debug|x64
		{C4751876-1CC7-473D-8864-BA809F6D8803}.Debug|x64.Build.0 = Debug|x64
		{C4751876-1CC7-473D-8864-BA809F6D8803}.Debug|x86.ActiveCfg = Debug|Win32
		{C4751876-1CC7-473D-8864-BA809F6D8803}.Debug|x86.Build.0 = Debug|Win32
		{C4751876-1CC7-473D-8864-BA809F6D8803}.Release|x64.ActiveCfg = Release|x64
		{C4751876-1CC7-473D-8864-BA809F6D8803}.Release|x64.Build.0 = Release|x64
		{C4751876-1CC7-473D-8864-BA809F6D8803}.Release|x86.ActiveCfg = Release|Win32
		{C4751876-1CC7-473D-8864-BA809F6D8803}.Release|x86.Build.0 = Release|Win32
		{1895A5A1-FFE7-4BD1-AC93-EB5FB12B6E14}.Debug|x64.ActiveCfg = Debug|x64
		{1895A5A1-FFE7-4BD1-AC93-EB5FB12B6E14}.Debug|x64.Build.0 = Debug|x64
		{1895A5A1-FFE7-4BD1-AC93-EB5FB12B6E14}.Debug|x86.ActiveCfg = Debug|Win32
		{1895A5A1-FFE7-4BD1-AC93-EB5FB12B6E14}.Debug|x86.Build.0 = Debug|Win32
		{1895A5A1-FFE7-4BD1-AC93-EB5FB12B6E14}.Release|x64.ActiveCfg = Release|x64
		{1895A5A1-FFE7-4BD1-AC93-EB5FB12B6E14}.Release|x64.Build.0 = Release|x64
		{1895A5A1-FFE7-4BD1-AC93-EB5FB12B6E14}.Release|x86.ActiveCfg = Release|Win32
		{1895A5A1-FFE7-4BD1-AC93-EB5FB12B6E14}.Release|x86.Build.0 = Release|Win32
		{1792DEB2-0EB7-4DDE-B564-DA98EADE497C}.Debug|x64.ActiveCfg = Debug|x64
		{1792DEB2-0EB7-4DDE-B564-DA98EADE497C}.Debug|x64.Build.0 = Debug|x64
		{1792DEB2-0EB7-4DDE-B564-DA98EADE497C}.Debug|x86.ActiveCfg = Debug|Win32
		{1792DEB2-0EB7-4DDE-B564-DA98EADE497C}.Debug|x86.Build.0 = Debug|Win32
		{1792DEB2-0EB7-4DDE-B564-DA98EADE497C}.Release|x64.ActiveCfg = Release|x64
		{1792DEB2-0EB7-4DDE-B564-DA98EADE497C}.Release|x64.Build.0 = Release|x64
		{1792DEB2-0EB7-4DDE-B564-DA98EADE497C}.Release|x86.ActiveCfg = Release|Win32
		{1792DEB2-0EB7-4DDE-B564-DA98EADE497C}.Release|x86.Build.0 = Release|Win32
	EndGlobalSection
	GlobalSection(SolutionProperties) = preSolution
		HideSolutionNode = FALSE
	EndGlobalSection
	GlobalSection(ExtensibilityGlobals) = postSolution
		SolutionGuid = {C773F8B0-8BE8-4CEE-9992-54D45945EC25}
	EndGlobalSection
EndGlobal
